[[package]]
name = "lib::highlight"
version = "1.0.0"
checksum = "bec1d161ab297b7ee2b48e381d2a224a3771110704054fbc2d49eb2acda066a9"
source = "https://s3-ap-southeast-1.amazonaws.com/registry.uwe.app"

[[package]]
name = "std::blueprint::default"
version = "1.0.0"
checksum = "47414269c04e1b62373cec1230e88038d9867909e2e1029488278a1dcdedc40f"
source = "https://s3-ap-southeast-1.amazonaws.com/registry.uwe.app"

[[package]]
name = "std::core"
version = "5.0.0"
checksum = "b2f567c7e721c375078dbba3aa0499a29cfd0425979533655e9268c697c6089d"
source = "https://s3-ap-southeast-1.amazonaws.com/registry.uwe.app"
