[[package]]
name = "std::blueprint::default"
version = "1.1.1"
checksum = "37733b1d455d8ec1c1e239553d1141427beffd3e1f7c3965af79a5e4cdb9701b"
source = "https://s3-ap-southeast-1.amazonaws.com/registry.uwe.app"

[[package]]
name = "std::core"
version = "5.0.0"
checksum = "b2f567c7e721c375078dbba3aa0499a29cfd0425979533655e9268c697c6089d"
source = "https://s3-ap-southeast-1.amazonaws.com/registry.uwe.app"

[[package]]
name = "std::listing"
version = "1.0.2"
checksum = "322722d7c497afe01cc8b5147b9ba585bb6da3d16d98e36536052a4bb54e00bf"
source = "https://s3-ap-southeast-1.amazonaws.com/registry.uwe.app"
